{
  "name": "news-raider",
  "version": "1.0.0",
  "lockfileVersion": 1,
  "requires": true,
  "dependencies": {
    "bluebird": {
      "version": "3.5.1",
      "resolved": "https://registry.npmjs.org/bluebird/-/bluebird-3.5.1.tgz",
      "integrity": "sha512-MKiLiV+I1AA596t9w1sQJ8jkiSr5+ZKi0WKrYGUn6d1Fx+Ij4tIj+m2WMQSGczs5jZVxV339chE8iwk6F64wjA=="
    },
    "newsapi": {
      "version": "2.0.1",
      "resolved": "https://registry.npmjs.org/newsapi/-/newsapi-2.0.1.tgz",
      "integrity": "sha512-iqSl+CeZcH3WnEo0AIH31mHrIp4QuEr9zqG82gup3fJH7gXwhHuSyri4m/AiuYUsPN75KQdz94GOTtLGN0TYEg==",
      "requires": {
        "bluebird": "3.5.1"
      }
    },
    "q": {
      "version": "1.5.1",
      "resolved": "https://registry.npmjs.org/q/-/q-1.5.1.tgz",
      "integrity": "sha1-fjL3W0E4EpHQRhHxvxQQmsAGUdc="
    }
  }
}
